
Microsoft Visual Studio Solution File, Format Version 12.00
# Visual Studio Version 17
VisualStudioVersion = 17.1.32407.343
MinimumVisualStudioVersion = 10.0.40219.1
Project("{9A19103F-16F7-4668-BE54-9A1E7A4F7556}") = "NeorisNetcoreAngularCleanArchitecture.Api", "NeorisNetcoreAngularCleanArchitecture.API\NeorisNetcoreAngularCleanArchitecture.Api.csproj", "{F4929C8B-4793-41C6-9BC3-C32EBFE35AF1}"
EndProject
Project("{9A19103F-16F7-4668-BE54-9A1E7A4F7556}") = "NeorisNetcoreAngularCleanArchitecture.Application", "NeorisNetcoreAngularCleanArchitecture.Application\NeorisNetcoreAngularCleanArchitecture.Application.csproj", "{FFDFB6EC-1E62-4391-830A-C12DE2AABB7F}"
EndProject
Project("{9A19103F-16F7-4668-BE54-9A1E7A4F7556}") = "NeorisNetcoreAngularCleanArchitecture.Core", "NeorisNetcoreAngularCleanArchitecture.Core\NeorisNetcoreAngularCleanArchitecture.Core.csproj", "{76714034-F64E-4656-9A42-A7DC202EFB34}"
EndProject
Project("{9A19103F-16F7-4668-BE54-9A1E7A4F7556}") = "NeorisNetcoreAngularCleanArchitecture.Infrastructure", "NeorisNetcoreAngularCleanArchitecture.Infrastructure\NeorisNetcoreAngularCleanArchitecture.Infrastructure.csproj", "{2299960C-4F91-44D9-A8C0-5317283A6B9C}"
EndProject
Global
	GlobalSection(SolutionConfigurationPlatforms) = preSolution
		Debug|Any CPU = Debug|Any CPU
		Release|Any CPU = Release|Any CPU
	EndGlobalSection
	GlobalSection(ProjectConfigurationPlatforms) = postSolution
		{F4929C8B-4793-41C6-9BC3-C32EBFE35AF1}.Debug|Any CPU.ActiveCfg = Debug|Any CPU
		{F4929C8B-4793-41C6-9BC3-C32EBFE35AF1}.Debug|Any CPU.Build.0 = Debug|Any CPU
		{F4929C8B-4793-41C6-9BC3-C32EBFE35AF1}.Release|Any CPU.ActiveCfg = Release|Any CPU
		{F4929C8B-4793-41C6-9BC3-C32EBFE35AF1}.Release|Any CPU.Build.0 = Release|Any CPU
		{FFDFB6EC-1E62-4391-830A-C12DE2AABB7F}.Debug|Any CPU.ActiveCfg = Debug|Any CPU
		{FFDFB6EC-1E62-4391-830A-C12DE2AABB7F}.Debug|Any CPU.Build.0 = Debug|Any CPU
		{FFDFB6EC-1E62-4391-830A-C12DE2AABB7F}.Release|Any CPU.ActiveCfg = Release|Any CPU
		{FFDFB6EC-1E62-4391-830A-C12DE2AABB7F}.Release|Any CPU.Build.0 = Release|Any CPU
		{76714034-F64E-4656-9A42-A7DC202EFB34}.Debug|Any CPU.ActiveCfg = Debug|Any CPU
		{76714034-F64E-4656-9A42-A7DC202EFB34}.Debug|Any CPU.Build.0 = Debug|Any CPU
		{76714034-F64E-4656-9A42-A7DC202EFB34}.Release|Any CPU.ActiveCfg = Release|Any CPU
		{76714034-F64E-4656-9A42-A7DC202EFB34}.Release|Any CPU.Build.0 = Release|Any CPU
		{2299960C-4F91-44D9-A8C0-5317283A6B9C}.Debug|Any CPU.ActiveCfg = Debug|Any CPU
		{2299960C-4F91-44D9-A8C0-5317283A6B9C}.Debug|Any CPU.Build.0 = Debug|Any CPU
		{2299960C-4F91-44D9-A8C0-5317283A6B9C}.Release|Any CPU.ActiveCfg = Release|Any CPU
		{2299960C-4F91-44D9-A8C0-5317283A6B9C}.Release|Any CPU.Build.0 = Release|Any CPU
	EndGlobalSection
	GlobalSection(SolutionProperties) = preSolution
		HideSolutionNode = FALSE
	EndGlobalSection
	GlobalSection(ExtensibilityGlobals) = postSolution
		SolutionGuid = {BAEA1E34-3F19-46F7-859D-14948D867BC6}
	EndGlobalSection
EndGlobal
